
Microsoft Visual Studio Solution File, Format Version 12.00
# Visual Studio Version 17
VisualStudioVersion = 17.14.36705.20
MinimumVisualStudioVersion = 10.0.40219.1
Project("{FAE04EC0-301F-11D3-BF4B-00C04F79EFBC}") = "HomeLoanPortal", "HomeLoanPortal\HomeLoanPortal.csproj", "{5EB898A9-52A9-43F3-B858-0AA1EBFB455F}"
EndProject
Global
	GlobalSection(SolutionConfigurationPlatforms) = preSolution
		Debug|Any CPU = Debug|Any CPU
		Release|Any CPU = Release|Any CPU
	EndGlobalSection
	GlobalSection(ProjectConfigurationPlatforms) = postSolution
		{5EB898A9-52A9-43F3-B858-0AA1EBFB455F}.Debug|Any CPU.ActiveCfg = Debug|Any CPU
		{5EB898A9-52A9-43F3-B858-0AA1EBFB455F}.Debug|Any CPU.Build.0 = Debug|Any CPU
		{5EB898A9-52A9-43F3-B858-0AA1EBFB455F}.Release|Any CPU.ActiveCfg = Release|Any CPU
		{5EB898A9-52A9-43F3-B858-0AA1EBFB455F}.Release|Any CPU.Build.0 = Release|Any CPU
	EndGlobalSection
	GlobalSection(SolutionProperties) = preSolution
		HideSolutionNode = FALSE
	EndGlobalSection
	GlobalSection(ExtensibilityGlobals) = postSolution
		SolutionGuid = {B8F7AA27-B46D-44FA-8F36-4D68149B48A4}
	EndGlobalSection
EndGlobal
